
Microsoft Visual Studio Solution File, Format Version 12.00
# Visual Studio Version 17
VisualStudioVersion = 17.7.34031.279
MinimumVisualStudioVersion = 10.0.40219.1
Project("{FAE04EC0-301F-11D3-BF4B-00C04F79EFBC}") = "AssistedProject24", "AssistedProject24.csproj", "{413B8E1C-393F-4114-B984-A80B3E4FF106}"
EndProject
Global
	GlobalSection(SolutionConfigurationPlatforms) = preSolution
		Debug|Any CPU = Debug|Any CPU
		Release|Any CPU = Release|Any CPU
	EndGlobalSection
	GlobalSection(ProjectConfigurationPlatforms) = postSolution
		{413B8E1C-393F-4114-B984-A80B3E4FF106}.Debug|Any CPU.ActiveCfg = Debug|Any CPU
		{413B8E1C-393F-4114-B984-A80B3E4FF106}.Debug|Any CPU.Build.0 = Debug|Any CPU
		{413B8E1C-393F-4114-B984-A80B3E4FF106}.Release|Any CPU.ActiveCfg = Release|Any CPU
		{413B8E1C-393F-4114-B984-A80B3E4FF106}.Release|Any CPU.Build.0 = Release|Any CPU
	EndGlobalSection
	GlobalSection(SolutionProperties) = preSolution
		HideSolutionNode = FALSE
	EndGlobalSection
	GlobalSection(ExtensibilityGlobals) = postSolution
		SolutionGuid = {A08516A5-5174-4A61-AEB4-0359B577F23D}
	EndGlobalSection
EndGlobal
